
Microsoft Visual Studio Solution File, Format Version 12.00
# Visual Studio Version 16
VisualStudioVersion = 16.0.30611.23
MinimumVisualStudioVersion = 10.0.40219.1
Project("{FAE04EC0-301F-11D3-BF4B-00C04F79EFBC}") = "EmailApp", "EmailApp\EmailApp.csproj", "{62587AD8-71F0-4B9F-94A2-076BB7784031}"
EndProject
Global
	GlobalSection(SolutionConfigurationPlatforms) = preSolution
		Debug|Any CPU = Debug|Any CPU
		Release|Any CPU = Release|Any CPU
	EndGlobalSection
	GlobalSection(ProjectConfigurationPlatforms) = postSolution
		{62587AD8-71F0-4B9F-94A2-076BB7784031}.Debug|Any CPU.ActiveCfg = Debug|Any CPU
		{62587AD8-71F0-4B9F-94A2-076BB7784031}.Debug|Any CPU.Build.0 = Debug|Any CPU
		{62587AD8-71F0-4B9F-94A2-076BB7784031}.Release|Any CPU.ActiveCfg = Release|Any CPU
		{62587AD8-71F0-4B9F-94A2-076BB7784031}.Release|Any CPU.Build.0 = Release|Any CPU
	EndGlobalSection
	GlobalSection(SolutionProperties) = preSolution
		HideSolutionNode = FALSE
	EndGlobalSection
	GlobalSection(ExtensibilityGlobals) = postSolution
		SolutionGuid = {FBF88F32-A3DF-4DAF-B6A4-5F107778DB34}
	EndGlobalSection
EndGlobal
